// !$*UTF8*$!
{
	archiveVersion = 1;
	classes = {
	};
	objectVersion = 46;
	objects = {

/* Begin PBXBuildFile section */
		EBD8F2EB194B55D300EBCCBE /* AppDelegate.swift in Sources */ = {isa = PBXBuildFile; fileRef = EBD8F2EA194B55D300EBCCBE /* AppDelegate.swift */; };
		EBD8F2F2194B55D300EBCCBE /* Main.storyboard in Resources */ = {isa = PBXBuildFile; fileRef = EBD8F2F0194B55D300EBCCBE /* Main.storyboard */; };
		EBD8F2F4194B55D300EBCCBE /* Images.xcassets in Resources */ = {isa = PBXBuildFile; fileRef = EBD8F2F3194B55D300EBCCBE /* Images.xcassets */; };
		EBD8F300194B55D400EBCCBE /* MemeKeyboardTests.swift in Sources */ = {isa = PBXBuildFile; fileRef = EBD8F2FF194B55D400EBCCBE /* MemeKeyboardTests.swift */; };
		EBD8F30A194B562B00EBCCBE /* MemeListViewController.swift in Sources */ = {isa = PBXBuildFile; fileRef = EBD8F309194B562B00EBCCBE /* MemeListViewController.swift */; };
		EBD8F30C194B565700EBCCBE /* TagListViewController.swift in Sources */ = {isa = PBXBuildFile; fileRef = EBD8F30B194B565700EBCCBE /* TagListViewController.swift */; };
		EBD8F310194B57D600EBCCBE /* MemeKeyboard.xcdatamodeld in Sources */ = {isa = PBXBuildFile; fileRef = EBD8F30E194B57D600EBCCBE /* MemeKeyboard.xcdatamodeld */; };
		EBD8F312194B595F00EBCCBE /* Meme.swift in Sources */ = {isa = PBXBuildFile; fileRef = EBD8F311194B595F00EBCCBE /* Meme.swift */; };
		EBD8F314194B5A4300EBCCBE /* Tag.swift in Sources */ = {isa = PBXBuildFile; fileRef = EBD8F313194B5A4300EBCCBE /* Tag.swift */; };
		EBD8F323194C598400EBCCBE /* PCCoreDataStack.m in Sources */ = {isa = PBXBuildFile; fileRef = EBD8F322194C598400EBCCBE /* PCCoreDataStack.m */; };
		EBD8F329194C70CF00EBCCBE /* PCCoreDataStack+Meme.swift in Sources */ = {isa = PBXBuildFile; fileRef = EBD8F328194C70CF00EBCCBE /* PCCoreDataStack+Meme.swift */; };
/* End PBXBuildFile section */

/* Begin PBXContainerItemProxy section */
		EBD8F2FA194B55D400EBCCBE /* PBXContainerItemProxy */ = {
			isa = PBXContainerItemProxy;
			containerPortal = EBD8F2DD194B55D300EBCCBE /* Project object */;
			proxyType = 1;
			remoteGlobalIDString = EBD8F2E4194B55D300EBCCBE;
			remoteInfo = MemeKeyboard;
		};
/* End PBXContainerItemProxy section */

/* Begin PBXFileReference section */
		EB144B14194C873B00855300 /* MemePlayground.playground */ = {isa = PBXFileReference; lastKnownFileType = file.playground; path = MemePlayground.playground; sourceTree = "<group>"; };
		EBD8F2E5194B55D300EBCCBE /* MemeKeyboard.app */ = {isa = PBXFileReference; explicitFileType = wrapper.application; includeInIndex = 0; path = MemeKeyboard.app; sourceTree = BUILT_PRODUCTS_DIR; };
		EBD8F2E9194B55D300EBCCBE /* Info.plist */ = {isa = PBXFileReference; lastKnownFileType = text.plist.xml; path = Info.plist; sourceTree = "<group>"; };
		EBD8F2EA194B55D300EBCCBE /* AppDelegate.swift */ = {isa = PBXFileReference; lastKnownFileType = sourcecode.swift; path = AppDelegate.swift; sourceTree = "<group>"; };
		EBD8F2F1194B55D300EBCCBE /* Base */ = {isa = PBXFileReference; lastKnownFileType = file.storyboard; name = Base; path = Base.lproj/Main.storyboard; sourceTree = "<group>"; };
		EBD8F2F3194B55D300EBCCBE /* Images.xcassets */ = {isa = PBXFileReference; lastKnownFileType = folder.assetcatalog; path = Images.xcassets; sourceTree = "<group>"; };
		EBD8F2F9194B55D400EBCCBE /* MemeKeyboardTests.xctest */ = {isa = PBXFileReference; explicitFileType = wrapper.cfbundle; includeInIndex = 0; path = MemeKeyboardTests.xctest; sourceTree = BUILT_PRODUCTS_DIR; };
		EBD8F2FE194B55D400EBCCBE /* Info.plist */ = {isa = PBXFileReference; lastKnownFileType = text.plist.xml; path = Info.plist; sourceTree = "<group>"; };
		EBD8F2FF194B55D400EBCCBE /* MemeKeyboardTests.swift */ = {isa = PBXFileReference; lastKnownFileType = sourcecode.swift; path = MemeKeyboardTests.swift; sourceTree = "<group>"; };
		EBD8F309194B562B00EBCCBE /* MemeListViewController.swift */ = {isa = PBXFileReference; fileEncoding = 4; lastKnownFileType = sourcecode.swift; path = MemeListViewController.swift; sourceTree = "<group>"; };
		EBD8F30B194B565700EBCCBE /* TagListViewController.swift */ = {isa = PBXFileReference; fileEncoding = 4; lastKnownFileType = sourcecode.swift; path = TagListViewController.swift; sourceTree = "<group>"; };
		EBD8F30F194B57D600EBCCBE /* MemeKeyboard.xcdatamodel */ = {isa = PBXFileReference; lastKnownFileType = wrapper.xcdatamodel; path = MemeKeyboard.xcdatamodel; sourceTree = "<group>"; };
		EBD8F311194B595F00EBCCBE /* Meme.swift */ = {isa = PBXFileReference; fileEncoding = 4; lastKnownFileType = sourcecode.swift; path = Meme.swift; sourceTree = "<group>"; };
		EBD8F313194B5A4300EBCCBE /* Tag.swift */ = {isa = PBXFileReference; fileEncoding = 4; lastKnownFileType = sourcecode.swift; path = Tag.swift; sourceTree = "<group>"; };
		EBD8F320194C598400EBCCBE /* PCCoreDataStack+Private.h */ = {isa = PBXFileReference; fileEncoding = 4; lastKnownFileType = sourcecode.c.h; path = "PCCoreDataStack+Private.h"; sourceTree = "<group>"; };
		EBD8F321194C598400EBCCBE /* PCCoreDataStack.h */ = {isa = PBXFileReference; fileEncoding = 4; lastKnownFileType = sourcecode.c.h; path = PCCoreDataStack.h; sourceTree = "<group>"; };
		EBD8F322194C598400EBCCBE /* PCCoreDataStack.m */ = {isa = PBXFileReference; fileEncoding = 4; lastKnownFileType = sourcecode.c.objc; path = PCCoreDataStack.m; sourceTree = "<group>"; };
		EBD8F326194C5AF000EBCCBE /* MemeKeyboard-BridgeHeader.h */ = {isa = PBXFileReference; lastKnownFileType = sourcecode.c.h; path = "MemeKeyboard-BridgeHeader.h"; sourceTree = "<group>"; };
		EBD8F328194C70CF00EBCCBE /* PCCoreDataStack+Meme.swift */ = {isa = PBXFileReference; fileEncoding = 4; lastKnownFileType = sourcecode.swift; path = "PCCoreDataStack+Meme.swift"; sourceTree = "<group>"; };
/* End PBXFileReference section */

/* Begin PBXFrameworksBuildPhase section */
		EBD8F2E2194B55D300EBCCBE /* Frameworks */ = {
			isa = PBXFrameworksBuildPhase;
			buildActionMask = 2147483647;
			files = (
			);
			runOnlyForDeploymentPostprocessing = 0;
		};
		EBD8F2F6194B55D400EBCCBE /* Frameworks */ = {
			isa = PBXFrameworksBuildPhase;
			buildActionMask = 2147483647;
			files = (
			);
			runOnlyForDeploymentPostprocessing = 0;
		};
/* End PBXFrameworksBuildPhase section */

/* Begin PBXGroup section */
		EBD8F2DC194B55D300EBCCBE = {
			isa = PBXGroup;
			children = (
				EBD8F2E7194B55D300EBCCBE /* MemeKeyboard */,
				EBD8F2FC194B55D400EBCCBE /* MemeKeyboardTests */,
				EBD8F2E6194B55D300EBCCBE /* Products */,
			);
			sourceTree = "<group>";
		};
		EBD8F2E6194B55D300EBCCBE /* Products */ = {
			isa = PBXGroup;
			children = (
				EBD8F2E5194B55D300EBCCBE /* MemeKeyboard.app */,
				EBD8F2F9194B55D400EBCCBE /* MemeKeyboardTests.xctest */,
			);
			name = Products;
			sourceTree = "<group>";
		};
		EBD8F2E7194B55D300EBCCBE /* MemeKeyboard */ = {
			isa = PBXGroup;
			children = (
				EBD8F2EA194B55D300EBCCBE /* AppDelegate.swift */,
				EBD8F326194C5AF000EBCCBE /* MemeKeyboard-BridgeHeader.h */,
				EB144B14194C873B00855300 /* MemePlayground.playground */,
				EBD8F327194C5B4C00EBCCBE /* ViewControllers */,
				EBD8F30D194B57B200EBCCBE /* Model */,
				EBD8F2F3194B55D300EBCCBE /* Images.xcassets */,
				EBD8F315194B5A9000EBCCBE /* Vendor */,
				EBD8F2E8194B55D300EBCCBE /* Supporting Files */,
			);
			path = MemeKeyboard;
			sourceTree = "<group>";
		};
		EBD8F2E8194B55D300EBCCBE /* Supporting Files */ = {
			isa = PBXGroup;
			children = (
				EBD8F2E9194B55D300EBCCBE /* Info.plist */,
			);
			name = "Supporting Files";
			sourceTree = "<group>";
		};
		EBD8F2FC194B55D400EBCCBE /* MemeKeyboardTests */ = {
			isa = PBXGroup;
			children = (
				EBD8F2FF194B55D400EBCCBE /* MemeKeyboardTests.swift */,
				EBD8F2FD194B55D400EBCCBE /* Supporting Files */,
			);
			path = MemeKeyboardTests;
			sourceTree = "<group>";
		};
		EBD8F2FD194B55D400EBCCBE /* Supporting Files */ = {
			isa = PBXGroup;
			children = (
				EBD8F2FE194B55D400EBCCBE /* Info.plist */,
			);
			name = "Supporting Files";
			sourceTree = "<group>";
		};
		EBD8F30D194B57B200EBCCBE /* Model */ = {
			isa = PBXGroup;
			children = (
				EBD8F30E194B57D600EBCCBE /* MemeKeyboard.xcdatamodeld */,
				EBD8F311194B595F00EBCCBE /* Meme.swift */,
				EBD8F313194B5A4300EBCCBE /* Tag.swift */,
				EBD8F328194C70CF00EBCCBE /* PCCoreDataStack+Meme.swift */,
			);
			path = Model;
			sourceTree = "<group>";
		};
		EBD8F315194B5A9000EBCCBE /* Vendor */ = {
			isa = PBXGroup;
			children = (
				EBD8F31F194C598400EBCCBE /* PCCoreDataStack */,
			);
			path = Vendor;
			sourceTree = "<group>";
		};
		EBD8F31F194C598400EBCCBE /* PCCoreDataStack */ = {
			isa = PBXGroup;
			children = (
				EBD8F320194C598400EBCCBE /* PCCoreDataStack+Private.h */,
				EBD8F321194C598400EBCCBE /* PCCoreDataStack.h */,
				EBD8F322194C598400EBCCBE /* PCCoreDataStack.m */,
			);
			path = PCCoreDataStack;
			sourceTree = "<group>";
		};
		EBD8F327194C5B4C00EBCCBE /* ViewControllers */ = {
			isa = PBXGroup;
			children = (
				EBD8F2F0194B55D300EBCCBE /* Main.storyboard */,
				EBD8F309194B562B00EBCCBE /* MemeListViewController.swift */,
				EBD8F30B194B565700EBCCBE /* TagListViewController.swift */,
			);
			name = ViewControllers;
			sourceTree = "<group>";
		};
/* End PBXGroup section */

/* Begin PBXNativeTarget section */
		EBD8F2E4194B55D300EBCCBE /* MemeKeyboard */ = {
			isa = PBXNativeTarget;
			buildConfigurationList = EBD8F303194B55D400EBCCBE /* Build configuration list for PBXNativeTarget "MemeKeyboard" */;
			buildPhases = (
				EBD8F2E1194B55D300EBCCBE /* Sources */,
				EBD8F2E2194B55D300EBCCBE /* Frameworks */,
				EBD8F2E3194B55D300EBCCBE /* Resources */,
			);
			buildRules = (
			);
			dependencies = (
			);
			name = MemeKeyboard;
			productName = MemeKeyboard;
			productReference = EBD8F2E5194B55D300EBCCBE /* MemeKeyboard.app */;
			productType = "com.apple.product-type.application";
		};
		EBD8F2F8194B55D400EBCCBE /* MemeKeyboardTests */ = {
			isa = PBXNativeTarget;
			buildConfigurationList = EBD8F306194B55D400EBCCBE /* Build configuration list for PBXNativeTarget "MemeKeyboardTests" */;
			buildPhases = (
				EBD8F2F5194B55D400EBCCBE /* Sources */,
				EBD8F2F6194B55D400EBCCBE /* Frameworks */,
				EBD8F2F7194B55D400EBCCBE /* Resources */,
			);
			buildRules = (
			);
			dependencies = (
				EBD8F2FB194B55D400EBCCBE /* PBXTargetDependency */,
			);
			name = MemeKeyboardTests;
			productName = MemeKeyboardTests;
			productReference = EBD8F2F9194B55D400EBCCBE /* MemeKeyboardTests.xctest */;
			productType = "com.apple.product-type.bundle.unit-test";
		};
/* End PBXNativeTarget section */

/* Begin PBXProject section */
		EBD8F2DD194B55D300EBCCBE /* Project object */ = {
			isa = PBXProject;
			attributes = {
				LastUpgradeCheck = 0600;
				ORGANIZATIONNAME = Voalte;
				TargetAttributes = {
					EBD8F2E4194B55D300EBCCBE = {
						CreatedOnToolsVersion = 6.0;
					};
					EBD8F2F8194B55D400EBCCBE = {
						CreatedOnToolsVersion = 6.0;
						TestTargetID = EBD8F2E4194B55D300EBCCBE;
					};
				};
			};
			buildConfigurationList = EBD8F2E0194B55D300EBCCBE /* Build configuration list for PBXProject "MemeKeyboard" */;
			compatibilityVersion = "Xcode 3.2";
			developmentRegion = English;
			hasScannedForEncodings = 0;
			knownRegions = (
				en,
				Base,
			);
			mainGroup = EBD8F2DC194B55D300EBCCBE;
			productRefGroup = EBD8F2E6194B55D300EBCCBE /* Products */;
			projectDirPath = "";
			projectRoot = "";
			targets = (
				EBD8F2E4194B55D300EBCCBE /* MemeKeyboard */,
				EBD8F2F8194B55D400EBCCBE /* MemeKeyboardTests */,
			);
		};
/* End PBXProject section */

/* Begin PBXResourcesBuildPhase section */
		EBD8F2E3194B55D300EBCCBE /* Resources */ = {
			isa = PBXResourcesBuildPhase;
			buildActionMask = 2147483647;
			files = (
				EBD8F2F2194B55D300EBCCBE /* Main.storyboard in Resources */,
				EBD8F2F4194B55D300EBCCBE /* Images.xcassets in Resources */,
			);
			runOnlyForDeploymentPostprocessing = 0;
		};
		EBD8F2F7194B55D400EBCCBE /* Resources */ = {
			isa = PBXResourcesBuildPhase;
			buildActionMask = 2147483647;
			files = (
			);
			runOnlyForDeploymentPostprocessing = 0;
		};
/* End PBXResourcesBuildPhase section */

/* Begin PBXSourcesBuildPhase section */
		EBD8F2E1194B55D300EBCCBE /* Sources */ = {
			isa = PBXSourcesBuildPhase;
			buildActionMask = 2147483647;
			files = (
				EBD8F329194C70CF00EBCCBE /* PCCoreDataStack+Meme.swift in Sources */,
				EBD8F314194B5A4300EBCCBE /* Tag.swift in Sources */,
				EBD8F30C194B565700EBCCBE /* TagListViewController.swift in Sources */,
				EBD8F30A194B562B00EBCCBE /* MemeListViewController.swift in Sources */,
				EBD8F323194C598400EBCCBE /* PCCoreDataStack.m in Sources */,
				EBD8F310194B57D600EBCCBE /* MemeKeyboard.xcdatamodeld in Sources */,
				EBD8F2EB194B55D300EBCCBE /* AppDelegate.swift in Sources */,
				EBD8F312194B595F00EBCCBE /* Meme.swift in Sources */,
			);
			runOnlyForDeploymentPostprocessing = 0;
		};
		EBD8F2F5194B55D400EBCCBE /* Sources */ = {
			isa = PBXSourcesBuildPhase;
			buildActionMask = 2147483647;
			files = (
				EBD8F300194B55D400EBCCBE /* MemeKeyboardTests.swift in Sources */,
			);
			runOnlyForDeploymentPostprocessing = 0;
		};
/* End PBXSourcesBuildPhase section */

/* Begin PBXTargetDependency section */
		EBD8F2FB194B55D400EBCCBE /* PBXTargetDependency */ = {
			isa = PBXTargetDependency;
			target = EBD8F2E4194B55D300EBCCBE /* MemeKeyboard */;
			targetProxy = EBD8F2FA194B55D400EBCCBE /* PBXContainerItemProxy */;
		};
/* End PBXTargetDependency section */

/* Begin PBXVariantGroup section */
		EBD8F2F0194B55D300EBCCBE /* Main.storyboard */ = {
			isa = PBXVariantGroup;
			children = (
				EBD8F2F1194B55D300EBCCBE /* Base */,
			);
			name = Main.storyboard;
			sourceTree = "<group>";
		};
/* End PBXVariantGroup section */

/* Begin XCBuildConfiguration section */
		EBD8F301194B55D400EBCCBE /* Debug */ = {
			isa = XCBuildConfiguration;
			buildSettings = {
				ALWAYS_SEARCH_USER_PATHS = NO;
				CLANG_CXX_LANGUAGE_STANDARD = "gnu++0x";
				CLANG_CXX_LIBRARY = "libc++";
				CLANG_ENABLE_MODULES = YES;
				CLANG_ENABLE_OBJC_ARC = YES;
				CLANG_WARN_BOOL_CONVERSION = YES;
				CLANG_WARN_CONSTANT_CONVERSION = YES;
				CLANG_WARN_DIRECT_OBJC_ISA_USAGE = YES_ERROR;
				CLANG_WARN_EMPTY_BODY = YES;
				CLANG_WARN_ENUM_CONVERSION = YES;
				CLANG_WARN_INT_CONVERSION = YES;
				CLANG_WARN_OBJC_ROOT_CLASS = YES_ERROR;
				CLANG_WARN_UNREACHABLE_CODE = YES;
				CLANG_WARN__DUPLICATE_METHOD_MATCH = YES;
				"CODE_SIGN_IDENTITY[sdk=iphoneos*]" = "iPhone Developer";
				COPY_PHASE_STRIP = NO;
				ENABLE_STRICT_OBJC_MSGSEND = YES;
				GCC_C_LANGUAGE_STANDARD = gnu99;
				GCC_DYNAMIC_NO_PIC = NO;
				GCC_OPTIMIZATION_LEVEL = 0;
				GCC_PREPROCESSOR_DEFINITIONS = (
					"DEBUG=1",
					"$(inherited)",
				);
				GCC_SYMBOLS_PRIVATE_EXTERN = NO;
				GCC_WARN_64_TO_32_BIT_CONVERSION = YES;
				GCC_WARN_ABOUT_RETURN_TYPE = YES_ERROR;
				GCC_WARN_UNDECLARED_SELECTOR = YES;
				GCC_WARN_UNINITIALIZED_AUTOS = YES_AGGRESSIVE;
				GCC_WARN_UNUSED_FUNCTION = YES;
				GCC_WARN_UNUSED_VARIABLE = YES;
				IPHONEOS_DEPLOYMENT_TARGET = 8.0;
				METAL_ENABLE_DEBUG_INFO = YES;
				ONLY_ACTIVE_ARCH = YES;
				SDKROOT = iphoneos;
				SWIFT_OPTIMIZATION_LEVEL = "-Onone";
			};
			name = Debug;
		};
		EBD8F302194B55D400EBCCBE /* Release */ = {
			isa = XCBuildConfiguration;
			buildSettings = {
				ALWAYS_SEARCH_USER_PATHS = NO;
				CLANG_CXX_LANGUAGE_STANDARD = "gnu++0x";
				CLANG_CXX_LIBRARY = "libc++";
				CLANG_ENABLE_MODULES = YES;
				CLANG_ENABLE_OBJC_ARC = YES;
				CLANG_WARN_BOOL_CONVERSION = YES;
				CLANG_WARN_CONSTANT_CONVERSION = YES;
				CLANG_WARN_DIRECT_OBJC_ISA_USAGE = YES_ERROR;
				CLANG_WARN_EMPTY_BODY = YES;
				CLANG_WARN_ENUM_CONVERSION = YES;
				CLANG_WARN_INT_CONVERSION = YES;
				CLANG_WARN_OBJC_ROOT_CLASS = YES_ERROR;
				CLANG_WARN_UNREACHABLE_CODE = YES;
				CLANG_WARN__DUPLICATE_METHOD_MATCH = YES;
				"CODE_SIGN_IDENTITY[sdk=iphoneos*]" = "iPhone Developer";
				COPY_PHASE_STRIP = YES;
				ENABLE_NS_ASSERTIONS = NO;
				ENABLE_STRICT_OBJC_MSGSEND = YES;
				GCC_C_LANGUAGE_STANDARD = gnu99;
				GCC_WARN_64_TO_32_BIT_CONVERSION = YES;
				GCC_WARN_ABOUT_RETURN_TYPE = YES_ERROR;
				GCC_WARN_UNDECLARED_SELECTOR = YES;
				GCC_WARN_UNINITIALIZED_AUTOS = YES_AGGRESSIVE;
				GCC_WARN_UNUSED_FUNCTION = YES;
				GCC_WARN_UNUSED_VARIABLE = YES;
				IPHONEOS_DEPLOYMENT_TARGET = 8.0;
				METAL_ENABLE_DEBUG_INFO = NO;
				SDKROOT = iphoneos;
				VALIDATE_PRODUCT = YES;
			};
			name = Release;
		};
		EBD8F304194B55D400EBCCBE /* Debug */ = {
			isa = XCBuildConfiguration;
			buildSettings = {
				ASSETCATALOG_COMPILER_APPICON_NAME = AppIcon;
				ASSETCATALOG_COMPILER_LAUNCHIMAGE_NAME = LaunchImage;
				INFOPLIST_FILE = MemeKeyboard/Info.plist;
				IPHONEOS_DEPLOYMENT_TARGET = 7.0;
				LD_RUNPATH_SEARCH_PATHS = "$(inherited) @executable_path/Frameworks";
				PRODUCT_NAME = "$(TARGET_NAME)";
				SWIFT_INSTALL_OBJC_HEADER = YES;
				SWIFT_OBJC_BRIDGING_HEADER = "$(SRCROOT)/MemeKeyboard/MemeKeyboard-BridgeHeader.h";
			};
			name = Debug;
		};
		EBD8F305194B55D400EBCCBE /* Release */ = {
			isa = XCBuildConfiguration;
			buildSettings = {
				ASSETCATALOG_COMPILER_APPICON_NAME = AppIcon;
				ASSETCATALOG_COMPILER_LAUNCHIMAGE_NAME = LaunchImage;
				INFOPLIST_FILE = MemeKeyboard/Info.plist;
				IPHONEOS_DEPLOYMENT_TARGET = 7.0;
				LD_RUNPATH_SEARCH_PATHS = "$(inherited) @executable_path/Frameworks";
				PRODUCT_NAME = "$(TARGET_NAME)";
				SWIFT_INSTALL_OBJC_HEADER = YES;
				SWIFT_OBJC_BRIDGING_HEADER = "$(SRCROOT)/MemeKeyboard/MemeKeyboard-BridgeHeader.h";
			};
			name = Release;
		};
		EBD8F307194B55D400EBCCBE /* Debug */ = {
			isa = XCBuildConfiguration;
			buildSettings = {
				BUNDLE_LOADER = "$(BUILT_PRODUCTS_DIR)/MemeKeyboard.app/MemeKeyboard";
				FRAMEWORK_SEARCH_PATHS = (
					"$(SDKROOT)/Developer/Library/Frameworks",
					"$(inherited)",
				);
				GCC_PREPROCESSOR_DEFINITIONS = (
					"DEBUG=1",
					"$(inherited)",
				);
				INFOPLIST_FILE = MemeKeyboardTests/Info.plist;
				LD_RUNPATH_SEARCH_PATHS = "$(inherited) @executable_path/Frameworks @loader_path/Frameworks";
				METAL_ENABLE_DEBUG_INFO = YES;
				PRODUCT_NAME = "$(TARGET_NAME)";
				TEST_HOST = "$(BUNDLE_LOADER)";
			};
			name = Debug;
		};
		EBD8F308194B55D400EBCCBE /* Release */ = {
			isa = XCBuildConfiguration;
			buildSettings = {
				BUNDLE_LOADER = "$(BUILT_PRODUCTS_DIR)/MemeKeyboard.app/MemeKeyboard";
				FRAMEWORK_SEARCH_PATHS = (
					"$(SDKROOT)/Developer/Library/Frameworks",
					"$(inherited)",
				);
				INFOPLIST_FILE = MemeKeyboardTests/Info.plist;
				LD_RUNPATH_SEARCH_PATHS = "$(inherited) @executable_path/Frameworks @loader_path/Frameworks";
				METAL_ENABLE_DEBUG_INFO = NO;
				PRODUCT_NAME = "$(TARGET_NAME)";
				TEST_HOST = "$(BUNDLE_LOADER)";
			};
			name = Release;
		};
/* End XCBuildConfiguration section */

/* Begin XCConfigurationList section */
		EBD8F2E0194B55D300EBCCBE /* Build configuration list for PBXProject "MemeKeyboard" */ = {
			isa = XCConfigurationList;
			buildConfigurations = (
				EBD8F301194B55D400EBCCBE /* Debug */,
				EBD8F302194B55D400EBCCBE /* Release */,
			);
			defaultConfigurationIsVisible = 0;
			defaultConfigurationName = Release;
		};
		EBD8F303194B55D400EBCCBE /* Build configuration list for PBXNativeTarget "MemeKeyboard" */ = {
			isa = XCConfigurationList;
			buildConfigurations = (
				EBD8F304194B55D400EBCCBE /* Debug */,
				EBD8F305194B55D400EBCCBE /* Release */,
			);
			defaultConfigurationIsVisible = 0;
			defaultConfigurationName = Release;
		};
		EBD8F306194B55D400EBCCBE /* Build configuration list for PBXNativeTarget "MemeKeyboardTests" */ = {
			isa = XCConfigurationList;
			buildConfigurations = (
				EBD8F307194B55D400EBCCBE /* Debug */,
				EBD8F308194B55D400EBCCBE /* Release */,
			);
			defaultConfigurationIsVisible = 0;
			defaultConfigurationName = Release;
		};
/* End XCConfigurationList section */

/* Begin XCVersionGroup section */
		EBD8F30E194B57D600EBCCBE /* MemeKeyboard.xcdatamodeld */ = {
			isa = XCVersionGroup;
			children = (
				EBD8F30F194B57D600EBCCBE /* MemeKeyboard.xcdatamodel */,
			);
			currentVersion = EBD8F30F194B57D600EBCCBE /* MemeKeyboard.xcdatamodel */;
			path = MemeKeyboard.xcdatamodeld;
			sourceTree = "<group>";
			versionGroupType = wrapper.xcdatamodel;
		};
/* End XCVersionGroup section */
	};
	rootObject = EBD8F2DD194B55D300EBCCBE /* Project object */;
}
